{
  "name": "exifReader",
  "version": "2.0.0",
  "lockfileVersion": 1,
  "requires": true,
  "dependencies": {
    "@types/node": {
      "version": "10.17.16",
      "resolved": "https://registry.npmjs.org/@types/node/-/node-10.17.16.tgz",
      "integrity": "sha512-A4283YSA1OmnIivcpy/4nN86YlnKRiQp8PYwI2KdPCONEBN093QTb0gCtERtkLyVNGKKIGazTZ2nAmVzQU51zA=="
    },
    "exifreader": {
      "version": "2.13.1",
      "resolved": "https://registry.npmjs.org/exifreader/-/exifreader-2.13.1.tgz",
      "integrity": "sha512-THuBOtlVMiakbzZuvGrrl0mwawEKd4D9k9R9ve1dop9DbD3RlbtSu/4AmY1BH0G+FKfgCLBhyy8tBTnUuYCRrg==",
      "requires": {
        "@types/node": "^10.12.18",
        "xmldom": "^0.1.27"
      }
    },
    "xmldom": {
      "version": "0.1.31",
      "resolved": "https://registry.npmjs.org/xmldom/-/xmldom-0.1.31.tgz",
      "integrity": "sha512-yS2uJflVQs6n+CyjHoaBmVSqIDevTAWrzMmjG1Gc7h1qQ7uVozNhEPJAwZXWyGQ/Gafo3fCwrcaokezLPupVyQ=="
    }
  }
}
